
Microsoft Visual Studio Solution File, Format Version 12.00
# Visual Studio Version 17
VisualStudioVersion = 17.14.36908.2 d17.14
MinimumVisualStudioVersion = 10.0.40219.1
Project("{FAE04EC0-301F-11D3-BF4B-00C04F79EFBC}") = "AutoSchoolProject", "AutoSchoolProject\AutoSchoolProject.csproj", "{F69162A4-F341-4F2A-990B-F300AB9C2D34}"
EndProject
Global
	GlobalSection(SolutionConfigurationPlatforms) = preSolution
		Debug|Any CPU = Debug|Any CPU
		Release|Any CPU = Release|Any CPU
	EndGlobalSection
	GlobalSection(ProjectConfigurationPlatforms) = postSolution
		{F69162A4-F341-4F2A-990B-F300AB9C2D34}.Debug|Any CPU.ActiveCfg = Debug|Any CPU
		{F69162A4-F341-4F2A-990B-F300AB9C2D34}.Debug|Any CPU.Build.0 = Debug|Any CPU
		{F69162A4-F341-4F2A-990B-F300AB9C2D34}.Release|Any CPU.ActiveCfg = Release|Any CPU
		{F69162A4-F341-4F2A-990B-F300AB9C2D34}.Release|Any CPU.Build.0 = Release|Any CPU
	EndGlobalSection
	GlobalSection(SolutionProperties) = preSolution
		HideSolutionNode = FALSE
	EndGlobalSection
	GlobalSection(ExtensibilityGlobals) = postSolution
		SolutionGuid = {324A5B8E-FC9E-46E1-BE30-C1D8DF605E6F}
	EndGlobalSection
EndGlobal
